{
  "name": "nodejs",
  "version": "1.0.0",
  "lockfileVersion": 3,
  "requires": true,
  "packages": {
    "": {
      "name": "nodejs",
      "version": "1.0.0",
      "license": "ISC",
      "dependencies": {
        "nodeJS": "^1.0.0"
      }
    },
    "node_modules/nodeJS": {
      "version": "1.0.0",
      "resolved": "https://registry.npmjs.org/nodeJS/-/nodeJS-1.0.0.tgz",
      "integrity": "sha512-/cnpHDu6VqwGLXOKItFAPsgNbd9oqGkfOABqyoj2MrI7+5Fg68myv6S9WLCsW3jdo471JAYgglWzqfTSyvGEJw==",
      "license": "ISC"
    }
  }
}
